
Microsoft Visual Studio Solution File, Format Version 12.00
# Visual Studio Version 17
VisualStudioVersion = 17.0.31903.59
MinimumVisualStudioVersion = 10.0.40219.1
Project("{FAE04EC0-301F-11D3-BF4B-00C04F79EFBC}") = "HowManyOfThisType", "HowManyOfThisType\HowManyOfThisType.csproj", "{78CCBCF3-01CC-414E-98B7-77369844CE0C}"
EndProject
Project("{FAE04EC0-301F-11D3-BF4B-00C04F79EFBC}") = "TheyCameBefore", "TheyCameBefore\TheyCameBefore.csproj", "{A452BEC6-2ED3-4BC2-A0BE-A12E80FC8DE2}"
EndProject
Project("{FAE04EC0-301F-11D3-BF4B-00C04F79EFBC}") = "MyGenericClass", "MyGenericClass\MyGenericClass.csproj", "{ED8A6236-1896-497E-BD65-CA99E09AF3B6}"
EndProject
Project("{FAE04EC0-301F-11D3-BF4B-00C04F79EFBC}") = "MyEnumerable", "MyEnumerable\MyEnumerable.csproj", "{E3E2E078-735D-4B1A-87DD-57F79732A23A}"
EndProject
Project("{FAE04EC0-301F-11D3-BF4B-00C04F79EFBC}") = "JustLikeACollection", "JustLikeACollection\JustLikeACollection.csproj", "{4B04A1B8-048B-4C56-B658-DA454C02CBDE}"
EndProject
Project("{FAE04EC0-301F-11D3-BF4B-00C04F79EFBC}") = "WriteStuff1", "WriteStuff1\WriteStuff1.csproj", "{1632FBA6-7EA0-48C4-A673-486EC8D14E57}"
EndProject
Global
	GlobalSection(SolutionConfigurationPlatforms) = preSolution
		Debug|Any CPU = Debug|Any CPU
		Release|Any CPU = Release|Any CPU
	EndGlobalSection
	GlobalSection(SolutionProperties) = preSolution
		HideSolutionNode = FALSE
	EndGlobalSection
	GlobalSection(ProjectConfigurationPlatforms) = postSolution
		{78CCBCF3-01CC-414E-98B7-77369844CE0C}.Debug|Any CPU.ActiveCfg = Debug|Any CPU
		{78CCBCF3-01CC-414E-98B7-77369844CE0C}.Debug|Any CPU.Build.0 = Debug|Any CPU
		{78CCBCF3-01CC-414E-98B7-77369844CE0C}.Release|Any CPU.ActiveCfg = Release|Any CPU
		{78CCBCF3-01CC-414E-98B7-77369844CE0C}.Release|Any CPU.Build.0 = Release|Any CPU
		{A452BEC6-2ED3-4BC2-A0BE-A12E80FC8DE2}.Debug|Any CPU.ActiveCfg = Debug|Any CPU
		{A452BEC6-2ED3-4BC2-A0BE-A12E80FC8DE2}.Debug|Any CPU.Build.0 = Debug|Any CPU
		{A452BEC6-2ED3-4BC2-A0BE-A12E80FC8DE2}.Release|Any CPU.ActiveCfg = Release|Any CPU
		{A452BEC6-2ED3-4BC2-A0BE-A12E80FC8DE2}.Release|Any CPU.Build.0 = Release|Any CPU
		{ED8A6236-1896-497E-BD65-CA99E09AF3B6}.Debug|Any CPU.ActiveCfg = Debug|Any CPU
		{ED8A6236-1896-497E-BD65-CA99E09AF3B6}.Debug|Any CPU.Build.0 = Debug|Any CPU
		{ED8A6236-1896-497E-BD65-CA99E09AF3B6}.Release|Any CPU.ActiveCfg = Release|Any CPU
		{ED8A6236-1896-497E-BD65-CA99E09AF3B6}.Release|Any CPU.Build.0 = Release|Any CPU
		{E3E2E078-735D-4B1A-87DD-57F79732A23A}.Debug|Any CPU.ActiveCfg = Debug|Any CPU
		{E3E2E078-735D-4B1A-87DD-57F79732A23A}.Debug|Any CPU.Build.0 = Debug|Any CPU
		{E3E2E078-735D-4B1A-87DD-57F79732A23A}.Release|Any CPU.ActiveCfg = Release|Any CPU
		{E3E2E078-735D-4B1A-87DD-57F79732A23A}.Release|Any CPU.Build.0 = Release|Any CPU
		{4B04A1B8-048B-4C56-B658-DA454C02CBDE}.Debug|Any CPU.ActiveCfg = Debug|Any CPU
		{4B04A1B8-048B-4C56-B658-DA454C02CBDE}.Debug|Any CPU.Build.0 = Debug|Any CPU
		{4B04A1B8-048B-4C56-B658-DA454C02CBDE}.Release|Any CPU.ActiveCfg = Release|Any CPU
		{4B04A1B8-048B-4C56-B658-DA454C02CBDE}.Release|Any CPU.Build.0 = Release|Any CPU
		{1632FBA6-7EA0-48C4-A673-486EC8D14E57}.Debug|Any CPU.ActiveCfg = Debug|Any CPU
		{1632FBA6-7EA0-48C4-A673-486EC8D14E57}.Debug|Any CPU.Build.0 = Debug|Any CPU
		{1632FBA6-7EA0-48C4-A673-486EC8D14E57}.Release|Any CPU.ActiveCfg = Release|Any CPU
		{1632FBA6-7EA0-48C4-A673-486EC8D14E57}.Release|Any CPU.Build.0 = Release|Any CPU
	EndGlobalSection
EndGlobal
